
Microsoft Visual Studio Solution File, Format Version 12.00
# Visual Studio Version 17
VisualStudioVersion = 17.7.34031.279
MinimumVisualStudioVersion = 10.0.40219.1
Project("{FAE04EC0-301F-11D3-BF4B-00C04F79EFBC}") = "LeetCode - 0014 - Longest Common Prefix", "LeetCode - 0014 - Longest Common Prefix\LeetCode - 0014 - Longest Common Prefix.csproj", "{9636B43B-8402-4DC2-BA82-620B66954D64}"
EndProject
Global
	GlobalSection(SolutionConfigurationPlatforms) = preSolution
		Debug|Any CPU = Debug|Any CPU
		Release|Any CPU = Release|Any CPU
	EndGlobalSection
	GlobalSection(ProjectConfigurationPlatforms) = postSolution
		{9636B43B-8402-4DC2-BA82-620B66954D64}.Debug|Any CPU.ActiveCfg = Debug|Any CPU
		{9636B43B-8402-4DC2-BA82-620B66954D64}.Debug|Any CPU.Build.0 = Debug|Any CPU
		{9636B43B-8402-4DC2-BA82-620B66954D64}.Release|Any CPU.ActiveCfg = Release|Any CPU
		{9636B43B-8402-4DC2-BA82-620B66954D64}.Release|Any CPU.Build.0 = Release|Any CPU
	EndGlobalSection
	GlobalSection(SolutionProperties) = preSolution
		HideSolutionNode = FALSE
	EndGlobalSection
	GlobalSection(ExtensibilityGlobals) = postSolution
		SolutionGuid = {AE63524A-F797-473D-BB63-F1D0CC4D1953}
	EndGlobalSection
EndGlobal
